PODS:
  - RxCocoa (4.2.0):
    - RxSwift (~> 4.0)
  - RxFlow (1.4.0):
    - RxCocoa (>= 4.0.0)
    - RxSwift (>= 4.0.0)
  - RxSwift (4.2.0)

DEPENDENCIES:
  - RxCocoa (~> 4.0)
  - RxFlow
  - RxSwift (~> 4.0)

SPEC REPOS:
  https://github.com/cocoapods/specs.git:
    - RxCocoa
    - RxFlow
    - RxSwift

SPEC CHECKSUMS:
  RxCocoa: 0b54909c902e1e581212a03e690bbd94032d8baa
  RxFlow: ad8df3694ea306e68f5d3f64a4d7b5055dc46a85
  RxSwift: 99e10317ddfcc7fbe01356aafd118fde4a0be104

PODFILE CHECKSUM: a17b648584b52455fb8955aaa5e9a57592943fa2

COCOAPODS: 1.5.3
